
Microsoft Visual Studio Solution File, Format Version 12.00
# Visual Studio Version 17
VisualStudioVersion = 17.5.33627.172
MinimumVisualStudioVersion = 10.0.40219.1
Project("{FAE04EC0-301F-11D3-BF4B-00C04F79EFBC}") = "MyLeasing.Common", "MyLeasing.Common\MyLeasing.Common.csproj", "{ED81E2FE-7F60-4F05-8C35-BDBDD02FA29B}"
EndProject
Project("{FAE04EC0-301F-11D3-BF4B-00C04F79EFBC}") = "MyLeasing.Web", "MyLeasing.Web\MyLeasing.Web.csproj", "{98D1E34E-C208-42A5-80B1-07D1EBEFD0EB}"
EndProject
Global
	GlobalSection(SolutionConfigurationPlatforms) = preSolution
		Debug|Any CPU = Debug|Any CPU
		Release|Any CPU = Release|Any CPU
	EndGlobalSection
	GlobalSection(ProjectConfigurationPlatforms) = postSolution
		{ED81E2FE-7F60-4F05-8C35-BDBDD02FA29B}.Debug|Any CPU.ActiveCfg = Debug|Any CPU
		{ED81E2FE-7F60-4F05-8C35-BDBDD02FA29B}.Debug|Any CPU.Build.0 = Debug|Any CPU
		{ED81E2FE-7F60-4F05-8C35-BDBDD02FA29B}.Release|Any CPU.ActiveCfg = Release|Any CPU
		{ED81E2FE-7F60-4F05-8C35-BDBDD02FA29B}.Release|Any CPU.Build.0 = Release|Any CPU
		{98D1E34E-C208-42A5-80B1-07D1EBEFD0EB}.Debug|Any CPU.ActiveCfg = Debug|Any CPU
		{98D1E34E-C208-42A5-80B1-07D1EBEFD0EB}.Debug|Any CPU.Build.0 = Debug|Any CPU
		{98D1E34E-C208-42A5-80B1-07D1EBEFD0EB}.Release|Any CPU.ActiveCfg = Release|Any CPU
		{98D1E34E-C208-42A5-80B1-07D1EBEFD0EB}.Release|Any CPU.Build.0 = Release|Any CPU
	EndGlobalSection
	GlobalSection(SolutionProperties) = preSolution
		HideSolutionNode = FALSE
	EndGlobalSection
	GlobalSection(ExtensibilityGlobals) = postSolution
		SolutionGuid = {8C43CF66-BF9F-4074-90CB-51B4744816FB}
	EndGlobalSection
EndGlobal
